// !$*UTF8*$!
{
	archiveVersion = 1;
	classes = {
	};
	objectVersion = 55;
	objects = {

/* Begin PBXBuildFile section */
		F239F29228CBFA3A005AA9E4 /* AppDelegate.swift in Sources */ = {isa = PBXBuildFile; fileRef = F239F29128CBFA3A005AA9E4 /* AppDelegate.swift */; };
		F239F29428CBFA3A005AA9E4 /* SceneDelegate.swift in Sources */ = {isa = PBXBuildFile; fileRef = F239F29328CBFA3A005AA9E4 /* SceneDelegate.swift */; };
		F239F29628CBFA3A005AA9E4 /* ViewController.swift in Sources */ = {isa = PBXBuildFile; fileRef = F239F29528CBFA3A005AA9E4 /* ViewController.swift */; };
		F239F29928CBFA3A005AA9E4 /* Main.storyboard in Resources */ = {isa = PBXBuildFile; fileRef = F239F29728CBFA3A005AA9E4 /* Main.storyboard */; };
		F239F29B28CBFA3F005AA9E4 /* Assets.xcassets in Resources */ = {isa = PBXBuildFile; fileRef = F239F29A28CBFA3F005AA9E4 /* Assets.xcassets */; };
		F239F29E28CBFA3F005AA9E4 /* LaunchScreen.storyboard in Resources */ = {isa = PBXBuildFile; fileRef = F239F29C28CBFA3F005AA9E4 /* LaunchScreen.storyboard */; };
		F239F2A928CBFA40005AA9E4 /* preworkTests.swift in Sources */ = {isa = PBXBuildFile; fileRef = F239F2A828CBFA40005AA9E4 /* preworkTests.swift */; };
		F239F2B328CBFA40005AA9E4 /* preworkUITests.swift in Sources */ = {isa = PBXBuildFile; fileRef = F239F2B228CBFA40005AA9E4 /* preworkUITests.swift */; };
		F239F2B528CBFA40005AA9E4 /* preworkUITestsLaunchTests.swift in Sources */ = {isa = PBXBuildFile; fileRef = F239F2B428CBFA40005AA9E4 /* preworkUITestsLaunchTests.swift */; };
/* End PBXBuildFile section */

/* Begin PBXContainerItemProxy section */
		F239F2A528CBFA40005AA9E4 /* PBXContainerItemProxy */ = {
			isa = PBXContainerItemProxy;
			containerPortal = F239F28628CBFA3A005AA9E4 /* Project object */;
			proxyType = 1;
			remoteGlobalIDString = F239F28D28CBFA3A005AA9E4;
			remoteInfo = prework;
		};
		F239F2AF28CBFA40005AA9E4 /* PBXContainerItemProxy */ = {
			isa = PBXContainerItemProxy;
			containerPortal = F239F28628CBFA3A005AA9E4 /* Project object */;
			proxyType = 1;
			remoteGlobalIDString = F239F28D28CBFA3A005AA9E4;
			remoteInfo = prework;
		};
/* End PBXContainerItemProxy section */

/* Begin PBXFileReference section */
		F239F28E28CBFA3A005AA9E4 /* prework.app */ = {isa = PBXFileReference; explicitFileType = wrapper.application; includeInIndex = 0; path = prework.app; sourceTree = BUILT_PRODUCTS_DIR; };
		F239F29128CBFA3A005AA9E4 /* AppDelegate.swift */ = {isa = PBXFileReference; lastKnownFileType = sourcecode.swift; path = AppDelegate.swift; sourceTree = "<group>"; };
		F239F29328CBFA3A005AA9E4 /* SceneDelegate.swift */ = {isa = PBXFileReference; lastKnownFileType = sourcecode.swift; path = SceneDelegate.swift; sourceTree = "<group>"; };
		F239F29528CBFA3A005AA9E4 /* ViewController.swift */ = {isa = PBXFileReference; lastKnownFileType = sourcecode.swift; path = ViewController.swift; sourceTree = "<group>"; };
		F239F29828CBFA3A005AA9E4 /* Base */ = {isa = PBXFileReference; lastKnownFileType = file.storyboard; name = Base; path = Base.lproj/Main.storyboard; sourceTree = "<group>"; };
		F239F29A28CBFA3F005AA9E4 /* Assets.xcassets */ = {isa = PBXFileReference; lastKnownFileType = folder.assetcatalog; path = Assets.xcassets; sourceTree = "<group>"; };
		F239F29D28CBFA3F005AA9E4 /* Base */ = {isa = PBXFileReference; lastKnownFileType = file.storyboard; name = Base; path = Base.lproj/LaunchScreen.storyboard; sourceTree = "<group>"; };
		F239F29F28CBFA3F005AA9E4 /* Info.plist */ = {isa = PBXFileReference; lastKnownFileType = text.plist.xml; path = Info.plist; sourceTree = "<group>"; };
		F239F2A428CBFA40005AA9E4 /* preworkTests.xctest */ = {isa = PBXFileReference; explicitFileType = wrapper.cfbundle; includeInIndex = 0; path = preworkTests.xctest; sourceTree = BUILT_PRODUCTS_DIR; };
		F239F2A828CBFA40005AA9E4 /* preworkTests.swift */ = {isa = PBXFileReference; lastKnownFileType = sourcecode.swift; path = preworkTests.swift; sourceTree = "<group>"; };
		F239F2AE28CBFA40005AA9E4 /* preworkUITests.xctest */ = {isa = PBXFileReference; explicitFileType = wrapper.cfbundle; includeInIndex = 0; path = preworkUITests.xctest; sourceTree = BUILT_PRODUCTS_DIR; };
		F239F2B228CBFA40005AA9E4 /* preworkUITests.swift */ = {isa = PBXFileReference; lastKnownFileType = sourcecode.swift; path = preworkUITests.swift; sourceTree = "<group>"; };
		F239F2B428CBFA40005AA9E4 /* preworkUITestsLaunchTests.swift */ = {isa = PBXFileReference; lastKnownFileType = sourcecode.swift; path = preworkUITestsLaunchTests.swift; sourceTree = "<group>"; };
/* End PBXFileReference section */

/* Begin PBXFrameworksBuildPhase section */
		F239F28B28CBFA3A005AA9E4 /* Frameworks */ = {
			isa = PBXFrameworksBuildPhase;
			buildActionMask = 2147483647;
			files = (
			);
			runOnlyForDeploymentPostprocessing = 0;
		};
		F239F2A128CBFA40005AA9E4 /* Frameworks */ = {
			isa = PBXFrameworksBuildPhase;
			buildActionMask = 2147483647;
			files = (
			);
			runOnlyForDeploymentPostprocessing = 0;
		};
		F239F2AB28CBFA40005AA9E4 /* Frameworks */ = {
			isa = PBXFrameworksBuildPhase;
			buildActionMask = 2147483647;
			files = (
			);
			runOnlyForDeploymentPostprocessing = 0;
		};
/* End PBXFrameworksBuildPhase section */

/* Begin PBXGroup section */
		F239F28528CBFA3A005AA9E4 = {
			isa = PBXGroup;
			children = (
				F239F29028CBFA3A005AA9E4 /* prework */,
				F239F2A728CBFA40005AA9E4 /* preworkTests */,
				F239F2B128CBFA40005AA9E4 /* preworkUITests */,
				F239F28F28CBFA3A005AA9E4 /* Products */,
			);
			sourceTree = "<group>";
		};
		F239F28F28CBFA3A005AA9E4 /* Products */ = {
			isa = PBXGroup;
			children = (
				F239F28E28CBFA3A005AA9E4 /* prework.app */,
				F239F2A428CBFA40005AA9E4 /* preworkTests.xctest */,
				F239F2AE28CBFA40005AA9E4 /* preworkUITests.xctest */,
			);
			name = Products;
			sourceTree = "<group>";
		};
		F239F29028CBFA3A005AA9E4 /* prework */ = {
			isa = PBXGroup;
			children = (
				F239F29128CBFA3A005AA9E4 /* AppDelegate.swift */,
				F239F29328CBFA3A005AA9E4 /* SceneDelegate.swift */,
				F239F29528CBFA3A005AA9E4 /* ViewController.swift */,
				F239F29728CBFA3A005AA9E4 /* Main.storyboard */,
				F239F29A28CBFA3F005AA9E4 /* Assets.xcassets */,
				F239F29C28CBFA3F005AA9E4 /* LaunchScreen.storyboard */,
				F239F29F28CBFA3F005AA9E4 /* Info.plist */,
			);
			path = prework;
			sourceTree = "<group>";
		};
		F239F2A728CBFA40005AA9E4 /* preworkTests */ = {
			isa = PBXGroup;
			children = (
				F239F2A828CBFA40005AA9E4 /* preworkTests.swift */,
			);
			path = preworkTests;
			sourceTree = "<group>";
		};
		F239F2B128CBFA40005AA9E4 /* preworkUITests */ = {
			isa = PBXGroup;
			children = (
				F239F2B228CBFA40005AA9E4 /* preworkUITests.swift */,
				F239F2B428CBFA40005AA9E4 /* preworkUITestsLaunchTests.swift */,
			);
			path = preworkUITests;
			sourceTree = "<group>";
		};
/* End PBXGroup section */

/* Begin PBXNativeTarget section */
		F239F28D28CBFA3A005AA9E4 /* prework */ = {
			isa = PBXNativeTarget;
			buildConfigurationList = F239F2B828CBFA40005AA9E4 /* Build configuration list for PBXNativeTarget "prework" */;
			buildPhases = (
				F239F28A28CBFA3A005AA9E4 /* Sources */,
				F239F28B28CBFA3A005AA9E4 /* Frameworks */,
				F239F28C28CBFA3A005AA9E4 /* Resources */,
			);
			buildRules = (
			);
			dependencies = (
			);
			name = prework;
			productName = prework;
			productReference = F239F28E28CBFA3A005AA9E4 /* prework.app */;
			productType = "com.apple.product-type.application";
		};
		F239F2A328CBFA40005AA9E4 /* preworkTests */ = {
			isa = PBXNativeTarget;
			buildConfigurationList = F239F2BB28CBFA40005AA9E4 /* Build configuration list for PBXNativeTarget "preworkTests" */;
			buildPhases = (
				F239F2A028CBFA40005AA9E4 /* Sources */,
				F239F2A128CBFA40005AA9E4 /* Frameworks */,
				F239F2A228CBFA40005AA9E4 /* Resources */,
			);
			buildRules = (
			);
			dependencies = (
				F239F2A628CBFA40005AA9E4 /* PBXTargetDependency */,
			);
			name = preworkTests;
			productName = preworkTests;
			productReference = F239F2A428CBFA40005AA9E4 /* preworkTests.xctest */;
			productType = "com.apple.product-type.bundle.unit-test";
		};
		F239F2AD28CBFA40005AA9E4 /* preworkUITests */ = {
			isa = PBXNativeTarget;
			buildConfigurationList = F239F2BE28CBFA40005AA9E4 /* Build configuration list for PBXNativeTarget "preworkUITests" */;
			buildPhases = (
				F239F2AA28CBFA40005AA9E4 /* Sources */,
				F239F2AB28CBFA40005AA9E4 /* Frameworks */,
				F239F2AC28CBFA40005AA9E4 /* Resources */,
			);
			buildRules = (
			);
			dependencies = (
				F239F2B028CBFA40005AA9E4 /* PBXTargetDependency */,
			);
			name = preworkUITests;
			productName = preworkUITests;
			productReference = F239F2AE28CBFA40005AA9E4 /* preworkUITests.xctest */;
			productType = "com.apple.product-type.bundle.ui-testing";
		};
/* End PBXNativeTarget section */

/* Begin PBXProject section */
		F239F28628CBFA3A005AA9E4 /* Project object */ = {
			isa = PBXProject;
			attributes = {
				BuildIndependentTargetsInParallel = 1;
				LastSwiftUpdateCheck = 1340;
				LastUpgradeCheck = 1340;
				TargetAttributes = {
					F239F28D28CBFA3A005AA9E4 = {
						CreatedOnToolsVersion = 13.4.1;
					};
					F239F2A328CBFA40005AA9E4 = {
						CreatedOnToolsVersion = 13.4.1;
						TestTargetID = F239F28D28CBFA3A005AA9E4;
					};
					F239F2AD28CBFA40005AA9E4 = {
						CreatedOnToolsVersion = 13.4.1;
						TestTargetID = F239F28D28CBFA3A005AA9E4;
					};
				};
			};
			buildConfigurationList = F239F28928CBFA3A005AA9E4 /* Build configuration list for PBXProject "prework" */;
			compatibilityVersion = "Xcode 13.0";
			developmentRegion = en;
			hasScannedForEncodings = 0;
			knownRegions = (
				en,
				Base,
			);
			mainGroup = F239F28528CBFA3A005AA9E4;
			productRefGroup = F239F28F28CBFA3A005AA9E4 /* Products */;
			projectDirPath = "";
			projectRoot = "";
			targets = (
				F239F28D28CBFA3A005AA9E4 /* prework */,
				F239F2A328CBFA40005AA9E4 /* preworkTests */,
				F239F2AD28CBFA40005AA9E4 /* preworkUITests */,
			);
		};
/* End PBXProject section */

/* Begin PBXResourcesBuildPhase section */
		F239F28C28CBFA3A005AA9E4 /* Resources */ = {
			isa = PBXResourcesBuildPhase;
			buildActionMask = 2147483647;
			files = (
				F239F29E28CBFA3F005AA9E4 /* LaunchScreen.storyboard in Resources */,
				F239F29B28CBFA3F005AA9E4 /* Assets.xcassets in Resources */,
				F239F29928CBFA3A005AA9E4 /* Main.storyboard in Resources */,
			);
			runOnlyForDeploymentPostprocessing = 0;
		};
		F239F2A228CBFA40005AA9E4 /* Resources */ = {
			isa = PBXResourcesBuildPhase;
			buildActionMask = 2147483647;
			files = (
			);
			runOnlyForDeploymentPostprocessing = 0;
		};
		F239F2AC28CBFA40005AA9E4 /* Resources */ = {
			isa = PBXResourcesBuildPhase;
			buildActionMask = 2147483647;
			files = (
			);
			runOnlyForDeploymentPostprocessing = 0;
		};
/* End PBXResourcesBuildPhase section */

/* Begin PBXSourcesBuildPhase section */
		F239F28A28CBFA3A005AA9E4 /* Sources */ = {
			isa = PBXSourcesBuildPhase;
			buildActionMask = 2147483647;
			files = (
				F239F29628CBFA3A005AA9E4 /* ViewController.swift in Sources */,
				F239F29228CBFA3A005AA9E4 /* AppDelegate.swift in Sources */,
				F239F29428CBFA3A005AA9E4 /* SceneDelegate.swift in Sources */,
			);
			runOnlyForDeploymentPostprocessing = 0;
		};
		F239F2A028CBFA40005AA9E4 /* Sources */ = {
			isa = PBXSourcesBuildPhase;
			buildActionMask = 2147483647;
			files = (
				F239F2A928CBFA40005AA9E4 /* preworkTests.swift in Sources */,
			);
			runOnlyForDeploymentPostprocessing = 0;
		};
		F239F2AA28CBFA40005AA9E4 /* Sources */ = {
			isa = PBXSourcesBuildPhase;
			buildActionMask = 2147483647;
			files = (
				F239F2B328CBFA40005AA9E4 /* preworkUITests.swift in Sources */,
				F239F2B528CBFA40005AA9E4 /* preworkUITestsLaunchTests.swift in Sources */,
			);
			runOnlyForDeploymentPostprocessing = 0;
		};
/* End PBXSourcesBuildPhase section */

/* Begin PBXTargetDependency section */
		F239F2A628CBFA40005AA9E4 /* PBXTargetDependency */ = {
			isa = PBXTargetDependency;
			target = F239F28D28CBFA3A005AA9E4 /* prework */;
			targetProxy = F239F2A528CBFA40005AA9E4 /* PBXContainerItemProxy */;
		};
		F239F2B028CBFA40005AA9E4 /* PBXTargetDependency */ = {
			isa = PBXTargetDependency;
			target = F239F28D28CBFA3A005AA9E4 /* prework */;
			targetProxy = F239F2AF28CBFA40005AA9E4 /* PBXContainerItemProxy */;
		};
/* End PBXTargetDependency section */

/* Begin PBXVariantGroup section */
		F239F29728CBFA3A005AA9E4 /* Main.storyboard */ = {
			isa = PBXVariantGroup;
			children = (
				F239F29828CBFA3A005AA9E4 /* Base */,
			);
			name = Main.storyboard;
			sourceTree = "<group>";
		};
		F239F29C28CBFA3F005AA9E4 /* LaunchScreen.storyboard */ = {
			isa = PBXVariantGroup;
			children = (
				F239F29D28CBFA3F005AA9E4 /* Base */,
			);
			name = LaunchScreen.storyboard;
			sourceTree = "<group>";
		};
/* End PBXVariantGroup section */

/* Begin XCBuildConfiguration section */
		F239F2B628CBFA40005AA9E4 /* Debug */ = {
			isa = XCBuildConfiguration;
			buildSettings = {
				ALWAYS_SEARCH_USER_PATHS = NO;
				CLANG_ANALYZER_NONNULL = YES;
				CLANG_ANALYZER_NUMBER_OBJECT_CONVERSION = YES_AGGRESSIVE;
				CLANG_CXX_LANGUAGE_STANDARD = "gnu++17";
				CLANG_ENABLE_MODULES = YES;
				CLANG_ENABLE_OBJC_ARC = YES;
				CLANG_ENABLE_OBJC_WEAK = YES;
				CLANG_WARN_BLOCK_CAPTURE_AUTORELEASING = YES;
				CLANG_WARN_BOOL_CONVERSION = YES;
				CLANG_WARN_COMMA = YES;
				CLANG_WARN_CONSTANT_CONVERSION = YES;
				CLANG_WARN_DEPRECATED_OBJC_IMPLEMENTATIONS = YES;
				CLANG_WARN_DIRECT_OBJC_ISA_USAGE = YES_ERROR;
				CLANG_WARN_DOCUMENTATION_COMMENTS = YES;
				CLANG_WARN_EMPTY_BODY = YES;
				CLANG_WARN_ENUM_CONVERSION = YES;
				CLANG_WARN_INFINITE_RECURSION = YES;
				CLANG_WARN_INT_CONVERSION = YES;
				CLANG_WARN_NON_LITERAL_NULL_CONVERSION = YES;
				CLANG_WARN_OBJC_IMPLICIT_RETAIN_SELF = YES;
				CLANG_WARN_OBJC_LITERAL_CONVERSION = YES;
				CLANG_WARN_OBJC_ROOT_CLASS = YES_ERROR;
				CLANG_WARN_QUOTED_INCLUDE_IN_FRAMEWORK_HEADER = YES;
				CLANG_WARN_RANGE_LOOP_ANALYSIS = YES;
				CLANG_WARN_STRICT_PROTOTYPES = YES;
				CLANG_WARN_SUSPICIOUS_MOVE = YES;
				CLANG_WARN_UNGUARDED_AVAILABILITY = YES_AGGRESSIVE;
				CLANG_WARN_UNREACHABLE_CODE = YES;
				CLANG_WARN__DUPLICATE_METHOD_MATCH = YES;
				COPY_PHASE_STRIP = NO;
				DEBUG_INFORMATION_FORMAT = dwarf;
				ENABLE_STRICT_OBJC_MSGSEND = YES;
				ENABLE_TESTABILITY = YES;
				GCC_C_LANGUAGE_STANDARD = gnu11;
				GCC_DYNAMIC_NO_PIC = NO;
				GCC_NO_COMMON_BLOCKS = YES;
				GCC_OPTIMIZATION_LEVEL = 0;
				GCC_PREPROCESSOR_DEFINITIONS = (
					"DEBUG=1",
					"$(inherited)",
				);
				GCC_WARN_64_TO_32_BIT_CONVERSION = YES;
				GCC_WARN_ABOUT_RETURN_TYPE = YES_ERROR;
				GCC_WARN_UNDECLARED_SELECTOR = YES;
				GCC_WARN_UNINITIALIZED_AUTOS = YES_AGGRESSIVE;
				GCC_WARN_UNUSED_FUNCTION = YES;
				GCC_WARN_UNUSED_VARIABLE = YES;
				IPHONEOS_DEPLOYMENT_TARGET = 15.5;
				MTL_ENABLE_DEBUG_INFO = INCLUDE_SOURCE;
				MTL_FAST_MATH = YES;
				ONLY_ACTIVE_ARCH = YES;
				SDKROOT = iphoneos;
				SWIFT_ACTIVE_COMPILATION_CONDITIONS = DEBUG;
				SWIFT_OPTIMIZATION_LEVEL = "-Onone";
			};
			name = Debug;
		};
		F239F2B728CBFA40005AA9E4 /* Release */ = {
			isa = XCBuildConfiguration;
			buildSettings = {
				ALWAYS_SEARCH_USER_PATHS = NO;
				CLANG_ANALYZER_NONNULL = YES;
				CLANG_ANALYZER_NUMBER_OBJECT_CONVERSION = YES_AGGRESSIVE;
				CLANG_CXX_LANGUAGE_STANDARD = "gnu++17";
				CLANG_ENABLE_MODULES = YES;
				CLANG_ENABLE_OBJC_ARC = YES;
				CLANG_ENABLE_OBJC_WEAK = YES;
				CLANG_WARN_BLOCK_CAPTURE_AUTORELEASING = YES;
				CLANG_WARN_BOOL_CONVERSION = YES;
				CLANG_WARN_COMMA = YES;
				CLANG_WARN_CONSTANT_CONVERSION = YES;
				CLANG_WARN_DEPRECATED_OBJC_IMPLEMENTATIONS = YES;
				CLANG_WARN_DIRECT_OBJC_ISA_USAGE = YES_ERROR;
				CLANG_WARN_DOCUMENTATION_COMMENTS = YES;
				CLANG_WARN_EMPTY_BODY = YES;
				CLANG_WARN_ENUM_CONVERSION = YES;
				CLANG_WARN_INFINITE_RECURSION = YES;
				CLANG_WARN_INT_CONVERSION = YES;
				CLANG_WARN_NON_LITERAL_NULL_CONVERSION = YES;
				CLANG_WARN_OBJC_IMPLICIT_RETAIN_SELF = YES;
				CLANG_WARN_OBJC_LITERAL_CONVERSION = YES;
				CLANG_WARN_OBJC_ROOT_CLASS = YES_ERROR;
				CLANG_WARN_QUOTED_INCLUDE_IN_FRAMEWORK_HEADER = YES;
				CLANG_WARN_RANGE_LOOP_ANALYSIS = YES;
				CLANG_WARN_STRICT_PROTOTYPES = YES;
				CLANG_WARN_SUSPICIOUS_MOVE = YES;
				CLANG_WARN_UNGUARDED_AVAILABILITY = YES_AGGRESSIVE;
				CLANG_WARN_UNREACHABLE_CODE = YES;
				CLANG_WARN__DUPLICATE_METHOD_MATCH = YES;
				COPY_PHASE_STRIP = NO;
				DEBUG_INFORMATION_FORMAT = "dwarf-with-dsym";
				ENABLE_NS_ASSERTIONS = NO;
				ENABLE_STRICT_OBJC_MSGSEND = YES;
				GCC_C_LANGUAGE_STANDARD = gnu11;
				GCC_NO_COMMON_BLOCKS = YES;
				GCC_WARN_64_TO_32_BIT_CONVERSION = YES;
				GCC_WARN_ABOUT_RETURN_TYPE = YES_ERROR;
				GCC_WARN_UNDECLARED_SELECTOR = YES;
				GCC_WARN_UNINITIALIZED_AUTOS = YES_AGGRESSIVE;
				GCC_WARN_UNUSED_FUNCTION = YES;
				GCC_WARN_UNUSED_VARIABLE = YES;
				IPHONEOS_DEPLOYMENT_TARGET = 15.5;
				MTL_ENABLE_DEBUG_INFO = NO;
				MTL_FAST_MATH = YES;
				SDKROOT = iphoneos;
				SWIFT_COMPILATION_MODE = wholemodule;
				SWIFT_OPTIMIZATION_LEVEL = "-O";
				VALIDATE_PRODUCT = YES;
			};
			name = Release;
		};
		F239F2B928CBFA40005AA9E4 /* Debug */ = {
			isa = XCBuildConfiguration;
			buildSettings = {
				ASSETCATALOG_COMPILER_APPICON_NAME = AppIcon;
				ASSETCATALOG_COMPILER_GLOBAL_ACCENT_COLOR_NAME = AccentColor;
				CODE_SIGN_STYLE = Automatic;
				CURRENT_PROJECT_VERSION = 1;
				GENERATE_INFOPLIST_FILE = YES;
				INFOPLIST_FILE = prework/Info.plist;
				INFOPLIST_KEY_UIApplicationSupportsIndirectInputEvents = YES;
				INFOPLIST_KEY_UILaunchStoryboardName = LaunchScreen;
				INFOPLIST_KEY_UIMainStoryboardFile = Main;
				INFOPLIST_KEY_UISupportedInterfaceOrientations_iPad = "UIInterfaceOrientationPortrait UIInterfaceOrientationPortraitUpsideDown UIInterfaceOrientationLandscapeLeft UIInterfaceOrientationLandscapeRight";
				INFOPLIST_KEY_UISupportedInterfaceOrientations_iPhone = "UIInterfaceOrientationPortrait UIInterfaceOrientationLandscapeLeft UIInterfaceOrientationLandscapeRight";
				LD_RUNPATH_SEARCH_PATHS = (
					"$(inherited)",
					"@executable_path/Frameworks",
				);
				MARKETING_VERSION = 1.0;
				PRODUCT_BUNDLE_IDENTIFIER = memo.com.prework;
				PRODUCT_NAME = "$(TARGET_NAME)";
				SWIFT_EMIT_LOC_STRINGS = YES;
				SWIFT_VERSION = 5.0;
				TARGETED_DEVICE_FAMILY = "1,2";
			};
			name = Debug;
		};
		F239F2BA28CBFA40005AA9E4 /* Release */ = {
			isa = XCBuildConfiguration;
			buildSettings = {
				ASSETCATALOG_COMPILER_APPICON_NAME = AppIcon;
				ASSETCATALOG_COMPILER_GLOBAL_ACCENT_COLOR_NAME = AccentColor;
				CODE_SIGN_STYLE = Automatic;
				CURRENT_PROJECT_VERSION = 1;
				GENERATE_INFOPLIST_FILE = YES;
				INFOPLIST_FILE = prework/Info.plist;
				INFOPLIST_KEY_UIApplicationSupportsIndirectInputEvents = YES;
				INFOPLIST_KEY_UILaunchStoryboardName = LaunchScreen;
				INFOPLIST_KEY_UIMainStoryboardFile = Main;
				INFOPLIST_KEY_UISupportedInterfaceOrientations_iPad = "UIInterfaceOrientationPortrait UIInterfaceOrientationPortraitUpsideDown UIInterfaceOrientationLandscapeLeft UIInterfaceOrientationLandscapeRight";
				INFOPLIST_KEY_UISupportedInterfaceOrientations_iPhone = "UIInterfaceOrientationPortrait UIInterfaceOrientationLandscapeLeft UIInterfaceOrientationLandscapeRight";
				LD_RUNPATH_SEARCH_PATHS = (
					"$(inherited)",
					"@executable_path/Frameworks",
				);
				MARKETING_VERSION = 1.0;
				PRODUCT_BUNDLE_IDENTIFIER = memo.com.prework;
				PRODUCT_NAME = "$(TARGET_NAME)";
				SWIFT_EMIT_LOC_STRINGS = YES;
				SWIFT_VERSION = 5.0;
				TARGETED_DEVICE_FAMILY = "1,2";
			};
			name = Release;
		};
		F239F2BC28CBFA40005AA9E4 /* Debug */ = {
			isa = XCBuildConfiguration;
			buildSettings = {
				ALWAYS_EMBED_SWIFT_STANDARD_LIBRARIES = YES;
				BUNDLE_LOADER = "$(TEST_HOST)";
				CODE_SIGN_STYLE = Automatic;
				CURRENT_PROJECT_VERSION = 1;
				GENERATE_INFOPLIST_FILE = YES;
				IPHONEOS_DEPLOYMENT_TARGET = 15.5;
				MARKETING_VERSION = 1.0;
				PRODUCT_BUNDLE_IDENTIFIER = memo.com.preworkTests;
				PRODUCT_NAME = "$(TARGET_NAME)";
				SWIFT_EMIT_LOC_STRINGS = NO;
				SWIFT_VERSION = 5.0;
				TARGETED_DEVICE_FAMILY = "1,2";
				TEST_HOST = "$(BUILT_PRODUCTS_DIR)/prework.app/prework";
			};
			name = Debug;
		};
		F239F2BD28CBFA40005AA9E4 /* Release */ = {
			isa = XCBuildConfiguration;
			buildSettings = {
				ALWAYS_EMBED_SWIFT_STANDARD_LIBRARIES = YES;
				BUNDLE_LOADER = "$(TEST_HOST)";
				CODE_SIGN_STYLE = Automatic;
				CURRENT_PROJECT_VERSION = 1;
				GENERATE_INFOPLIST_FILE = YES;
				IPHONEOS_DEPLOYMENT_TARGET = 15.5;
				MARKETING_VERSION = 1.0;
				PRODUCT_BUNDLE_IDENTIFIER = memo.com.preworkTests;
				PRODUCT_NAME = "$(TARGET_NAME)";
				SWIFT_EMIT_LOC_STRINGS = NO;
				SWIFT_VERSION = 5.0;
				TARGETED_DEVICE_FAMILY = "1,2";
				TEST_HOST = "$(BUILT_PRODUCTS_DIR)/prework.app/prework";
			};
			name = Release;
		};
		F239F2BF28CBFA40005AA9E4 /* Debug */ = {
			isa = XCBuildConfiguration;
			buildSettings = {
				ALWAYS_EMBED_SWIFT_STANDARD_LIBRARIES = YES;
				CODE_SIGN_STYLE = Automatic;
				CURRENT_PROJECT_VERSION = 1;
				GENERATE_INFOPLIST_FILE = YES;
				MARKETING_VERSION = 1.0;
				PRODUCT_BUNDLE_IDENTIFIER = memo.com.preworkUITests;
				PRODUCT_NAME = "$(TARGET_NAME)";
				SWIFT_EMIT_LOC_STRINGS = NO;
				SWIFT_VERSION = 5.0;
				TARGETED_DEVICE_FAMILY = "1,2";
				TEST_TARGET_NAME = prework;
			};
			name = Debug;
		};
		F239F2C028CBFA40005AA9E4 /* Release */ = {
			isa = XCBuildConfiguration;
			buildSettings = {
				ALWAYS_EMBED_SWIFT_STANDARD_LIBRARIES = YES;
				CODE_SIGN_STYLE = Automatic;
				CURRENT_PROJECT_VERSION = 1;
				GENERATE_INFOPLIST_FILE = YES;
				MARKETING_VERSION = 1.0;
				PRODUCT_BUNDLE_IDENTIFIER = memo.com.preworkUITests;
				PRODUCT_NAME = "$(TARGET_NAME)";
				SWIFT_EMIT_LOC_STRINGS = NO;
				SWIFT_VERSION = 5.0;
				TARGETED_DEVICE_FAMILY = "1,2";
				TEST_TARGET_NAME = prework;
			};
			name = Release;
		};
/* End XCBuildConfiguration section */

/* Begin XCConfigurationList section */
		F239F28928CBFA3A005AA9E4 /* Build configuration list for PBXProject "prework" */ = {
			isa = XCConfigurationList;
			buildConfigurations = (
				F239F2B628CBFA40005AA9E4 /* Debug */,
				F239F2B728CBFA40005AA9E4 /* Release */,
			);
			defaultConfigurationIsVisible = 0;
			defaultConfigurationName = Release;
		};
		F239F2B828CBFA40005AA9E4 /* Build configuration list for PBXNativeTarget "prework" */ = {
			isa = XCConfigurationList;
			buildConfigurations = (
				F239F2B928CBFA40005AA9E4 /* Debug */,
				F239F2BA28CBFA40005AA9E4 /* Release */,
			);
			defaultConfigurationIsVisible = 0;
			defaultConfigurationName = Release;
		};
		F239F2BB28CBFA40005AA9E4 /* Build configuration list for PBXNativeTarget "preworkTests" */ = {
			isa = XCConfigurationList;
			buildConfigurations = (
				F239F2BC28CBFA40005AA9E4 /* Debug */,
				F239F2BD28CBFA40005AA9E4 /* Release */,
			);
			defaultConfigurationIsVisible = 0;
			defaultConfigurationName = Release;
		};
		F239F2BE28CBFA40005AA9E4 /* Build configuration list for PBXNativeTarget "preworkUITests" */ = {
			isa = XCConfigurationList;
			buildConfigurations = (
				F239F2BF28CBFA40005AA9E4 /* Debug */,
				F239F2C028CBFA40005AA9E4 /* Release */,
			);
			defaultConfigurationIsVisible = 0;
			defaultConfigurationName = Release;
		};
/* End XCConfigurationList section */
	};
	rootObject = F239F28628CBFA3A005AA9E4 /* Project object */;
}
